Microsoft Visual Studio Solution File, Format Version 12.00
# Visual Studio Version 17
VisualStudioVersion = 17.5.2.0
MinimumVisualStudioVersion = 10.0.40219.1
Project("{FAE04EC0-301F-11D3-BF4B-00C04F79EFBC}") = "Phonebook_Csharp", "Phonebook_Csharp.csproj", "{E5562FA0-2304-D74A-B591-F193B538667E}"
EndProject
Global
	GlobalSection(SolutionConfigurationPlatforms) = preSolution
		Debug|Any CPU = Debug|Any CPU
		Release|Any CPU = Release|Any CPU
	EndGlobalSection
	GlobalSection(ProjectConfigurationPlatforms) = postSolution
		{E5562FA0-2304-D74A-B591-F193B538667E}.Debug|Any CPU.ActiveCfg = Debug|Any CPU
		{E5562FA0-2304-D74A-B591-F193B538667E}.Debug|Any CPU.Build.0 = Debug|Any CPU
		{E5562FA0-2304-D74A-B591-F193B538667E}.Release|Any CPU.ActiveCfg = Release|Any CPU
		{E5562FA0-2304-D74A-B591-F193B538667E}.Release|Any CPU.Build.0 = Release|Any CPU
	EndGlobalSection
	GlobalSection(SolutionProperties) = preSolution
		HideSolutionNode = FALSE
	EndGlobalSection
	GlobalSection(ExtensibilityGlobals) = postSolution
		SolutionGuid = {77D45A18-C498-48B2-BD67-0409A92C5CDD}
	EndGlobalSection
EndGlobal
